
Microsoft Visual Studio Solution File, Format Version 12.00
# Visual Studio 2012
Project("{FAE04EC0-301F-11D3-BF4B-00C04F79EFBC}") = "Splash_Screen", "Splash_Screen\Splash_Screen.csproj", "{565F0DC5-67FF-46A7-A85D-CE5DFB3F597A}"
EndProject
Global
	GlobalSection(SolutionConfigurationPlatforms) = preSolution
		Debug|Any CPU = Debug|Any CPU
		Release|Any CPU = Release|Any CPU
	EndGlobalSection
	GlobalSection(ProjectConfigurationPlatforms) = postSolution
		{565F0DC5-67FF-46A7-A85D-CE5DFB3F597A}.Debug|Any CPU.ActiveCfg = Debug|Any CPU
		{565F0DC5-67FF-46A7-A85D-CE5DFB3F597A}.Debug|Any CPU.Build.0 = Debug|Any CPU
		{565F0DC5-67FF-46A7-A85D-CE5DFB3F597A}.Release|Any CPU.ActiveCfg = Release|Any CPU
		{565F0DC5-67FF-46A7-A85D-CE5DFB3F597A}.Release|Any CPU.Build.0 = Release|Any CPU
	EndGlobalSection
EndGlobal
